// !$*UTF8*$!
{
	archiveVersion = 1;
	classes = {
	};
	objectVersion = 46;
	objects = {

/* Begin PBXBuildFile section */
		E0805ECE1DBE585000648B04 /* AppDelegate.swift in Sources */ = {isa = PBXBuildFile; fileRef = E0805ECD1DBE585000648B04 /* AppDelegate.swift */; };
		E0805ED01DBE585000648B04 /* MainViewController.swift in Sources */ = {isa = PBXBuildFile; fileRef = E0805ECF1DBE585000648B04 /* MainViewController.swift */; };
		E0805ED31DBE585100648B04 /* Main.storyboard in Resources */ = {isa = PBXBuildFile; fileRef = E0805ED11DBE585100648B04 /* Main.storyboard */; };
		E0805ED61DBE585100648B04 /* myClinic.xcdatamodeld in Sources */ = {isa = PBXBuildFile; fileRef = E0805ED41DBE585100648B04 /* myClinic.xcdatamodeld */; };
		E0805ED81DBE585100648B04 /* Assets.xcassets in Resources */ = {isa = PBXBuildFile; fileRef = E0805ED71DBE585100648B04 /* Assets.xcassets */; };
		E0805EDB1DBE585100648B04 /* LaunchScreen.storyboard in Resources */ = {isa = PBXBuildFile; fileRef = E0805ED91DBE585100648B04 /* LaunchScreen.storyboard */; };
		E0805EE61DBE585100648B04 /* myClinicTests.swift in Sources */ = {isa = PBXBuildFile; fileRef = E0805EE51DBE585100648B04 /* myClinicTests.swift */; };
		E0805EF11DBE585100648B04 /* myClinicUITests.swift in Sources */ = {isa = PBXBuildFile; fileRef = E0805EF01DBE585100648B04 /* myClinicUITests.swift */; };
		E0805F001DBE95F200648B04 /* Medications.storyboard in Resources */ = {isa = PBXBuildFile; fileRef = E0805EFE1DBE95F200648B04 /* Medications.storyboard */; };
		E0805F021DBE964300648B04 /* Log.storyboard in Resources */ = {isa = PBXBuildFile; fileRef = E0805F011DBE964300648B04 /* Log.storyboard */; };
		E0805F051DBE965E00648B04 /* Calendar.storyboard in Resources */ = {isa = PBXBuildFile; fileRef = E0805F031DBE965E00648B04 /* Calendar.storyboard */; };
		E0805F071DBE967500648B04 /* Home.storyboard in Resources */ = {isa = PBXBuildFile; fileRef = E0805F061DBE967500648B04 /* Home.storyboard */; };
		E0D745431DD397DD00597ED2 /* Patient.swift in Sources */ = {isa = PBXBuildFile; fileRef = E0D745421DD397DD00597ED2 /* Patient.swift */; };
		E0D745451DD397FD00597ED2 /* Physician .swift in Sources */ = {isa = PBXBuildFile; fileRef = E0D745441DD397FD00597ED2 /* Physician .swift */; };
		E0D745471DD3992600597ED2 /* Symptom.swift in Sources */ = {isa = PBXBuildFile; fileRef = E0D745461DD3992600597ED2 /* Symptom.swift */; };
		E0D745491DD3997A00597ED2 /* Perscription.swift in Sources */ = {isa = PBXBuildFile; fileRef = E0D745481DD3997A00597ED2 /* Perscription.swift */; };
		E0D7454B1DD399A400597ED2 /* Appointment.swift in Sources */ = {isa = PBXBuildFile; fileRef = E0D7454A1DD399A400597ED2 /* Appointment.swift */; };
		E0D7454D1DD39A1700597ED2 /* Diagnosis.swift in Sources */ = {isa = PBXBuildFile; fileRef = E0D7454C1DD39A1700597ED2 /* Diagnosis.swift */; };
		E0D745501DD39BDB00597ED2 /* DataMangaer.swift in Sources */ = {isa = PBXBuildFile; fileRef = E0D7454F1DD39BDB00597ED2 /* DataMangaer.swift */; };
		E0D745521DD39CD600597ED2 /* NetworkManager.swift in Sources */ = {isa = PBXBuildFile; fileRef = E0D745511DD39CD600597ED2 /* NetworkManager.swift */; };
/* End PBXBuildFile section */

/* Begin PBXContainerItemProxy section */
		E0805EE21DBE585100648B04 /* PBXContainerItemProxy */ = {
			isa = PBXContainerItemProxy;
			containerPortal = E0805EC21DBE584F00648B04 /* Project object */;
			proxyType = 1;
			remoteGlobalIDString = E0805EC91DBE584F00648B04;
			remoteInfo = myClinic;
		};
		E0805EED1DBE585100648B04 /* PBXContainerItemProxy */ = {
			isa = PBXContainerItemProxy;
			containerPortal = E0805EC21DBE584F00648B04 /* Project object */;
			proxyType = 1;
			remoteGlobalIDString = E0805EC91DBE584F00648B04;
			remoteInfo = myClinic;
		};
/* End PBXContainerItemProxy section */

/* Begin PBXFileReference section */
		E0805ECA1DBE585000648B04 /* myClinic.app */ = {isa = PBXFileReference; explicitFileType = wrapper.application; includeInIndex = 0; path = myClinic.app; sourceTree = BUILT_PRODUCTS_DIR; };
		E0805ECD1DBE585000648B04 /* AppDelegate.swift */ = {isa = PBXFileReference; lastKnownFileType = sourcecode.swift; path = AppDelegate.swift; sourceTree = "<group>"; };
		E0805ECF1DBE585000648B04 /* MainViewController.swift */ = {isa = PBXFileReference; lastKnownFileType = sourcecode.swift; path = MainViewController.swift; sourceTree = "<group>"; };
		E0805ED21DBE585100648B04 /* Base */ = {isa = PBXFileReference; lastKnownFileType = file.storyboard; name = Base; path = Base.lproj/Main.storyboard; sourceTree = "<group>"; };
		E0805ED51DBE585100648B04 /* myClinic.xcdatamodel */ = {isa = PBXFileReference; lastKnownFileType = wrapper.xcdatamodel; path = myClinic.xcdatamodel; sourceTree = "<group>"; };
		E0805ED71DBE585100648B04 /* Assets.xcassets */ = {isa = PBXFileReference; lastKnownFileType = folder.assetcatalog; path = Assets.xcassets; sourceTree = "<group>"; };
		E0805EDA1DBE585100648B04 /* Base */ = {isa = PBXFileReference; lastKnownFileType = file.storyboard; name = Base; path = Base.lproj/LaunchScreen.storyboard; sourceTree = "<group>"; };
		E0805EDC1DBE585100648B04 /* Info.plist */ = {isa = PBXFileReference; lastKnownFileType = text.plist.xml; path = Info.plist; sourceTree = "<group>"; };
		E0805EE11DBE585100648B04 /* myClinicTests.xctest */ = {isa = PBXFileReference; explicitFileType = wrapper.cfbundle; includeInIndex = 0; path = myClinicTests.xctest; sourceTree = BUILT_PRODUCTS_DIR; };
		E0805EE51DBE585100648B04 /* myClinicTests.swift */ = {isa = PBXFileReference; lastKnownFileType = sourcecode.swift; path = myClinicTests.swift; sourceTree = "<group>"; };
		E0805EE71DBE585100648B04 /* Info.plist */ = {isa = PBXFileReference; lastKnownFileType = text.plist.xml; path = Info.plist; sourceTree = "<group>"; };
		E0805EEC1DBE585100648B04 /* myClinicUITests.xctest */ = {isa = PBXFileReference; explicitFileType = wrapper.cfbundle; includeInIndex = 0; path = myClinicUITests.xctest; sourceTree = BUILT_PRODUCTS_DIR; };
		E0805EF01DBE585100648B04 /* myClinicUITests.swift */ = {isa = PBXFileReference; lastKnownFileType = sourcecode.swift; path = myClinicUITests.swift; sourceTree = "<group>"; };
		E0805EF21DBE585100648B04 /* Info.plist */ = {isa = PBXFileReference; lastKnownFileType = text.plist.xml; path = Info.plist; sourceTree = "<group>"; };
		E0805EFF1DBE95F200648B04 /* Base */ = {isa = PBXFileReference; lastKnownFileType = file.storyboard; name = Base; path = Base.lproj/Medications.storyboard; sourceTree = "<group>"; };
		E0805F011DBE964300648B04 /* Log.storyboard */ = {isa = PBXFileReference; fileEncoding = 4; lastKnownFileType = file.storyboard; path = Log.storyboard; sourceTree = "<group>"; };
		E0805F041DBE965E00648B04 /* Base */ = {isa = PBXFileReference; lastKnownFileType = file.storyboard; name = Base; path = Base.lproj/Calendar.storyboard; sourceTree = "<group>"; };
		E0805F061DBE967500648B04 /* Home.storyboard */ = {isa = PBXFileReference; fileEncoding = 4; lastKnownFileType = file.storyboard; path = Home.storyboard; sourceTree = "<group>"; };
		E0D745421DD397DD00597ED2 /* Patient.swift */ = {isa = PBXFileReference; fileEncoding = 4; lastKnownFileType = sourcecode.swift; path = Patient.swift; sourceTree = "<group>"; };
		E0D745441DD397FD00597ED2 /* Physician .swift */ = {isa = PBXFileReference; fileEncoding = 4; lastKnownFileType = sourcecode.swift; path = "Physician .swift"; sourceTree = "<group>"; };
		E0D745461DD3992600597ED2 /* Symptom.swift */ = {isa = PBXFileReference; fileEncoding = 4; lastKnownFileType = sourcecode.swift; path = Symptom.swift; sourceTree = "<group>"; };
		E0D745481DD3997A00597ED2 /* Perscription.swift */ = {isa = PBXFileReference; fileEncoding = 4; lastKnownFileType = sourcecode.swift; path = Perscription.swift; sourceTree = "<group>"; };
		E0D7454A1DD399A400597ED2 /* Appointment.swift */ = {isa = PBXFileReference; fileEncoding = 4; lastKnownFileType = sourcecode.swift; path = Appointment.swift; sourceTree = "<group>"; };
		E0D7454C1DD39A1700597ED2 /* Diagnosis.swift */ = {isa = PBXFileReference; fileEncoding = 4; lastKnownFileType = sourcecode.swift; path = Diagnosis.swift; sourceTree = "<group>"; };
		E0D7454F1DD39BDB00597ED2 /* DataMangaer.swift */ = {isa = PBXFileReference; fileEncoding = 4; lastKnownFileType = sourcecode.swift; path = DataMangaer.swift; sourceTree = "<group>"; };
		E0D745511DD39CD600597ED2 /* NetworkManager.swift */ = {isa = PBXFileReference; fileEncoding = 4; lastKnownFileType = sourcecode.swift; path = NetworkManager.swift; sourceTree = "<group>"; };
/* End PBXFileReference section */

/* Begin PBXFrameworksBuildPhase section */
		E0805EC71DBE584F00648B04 /* Frameworks */ = {
			isa = PBXFrameworksBuildPhase;
			buildActionMask = 2147483647;
			files = (
			);
			runOnlyForDeploymentPostprocessing = 0;
		};
		E0805EDE1DBE585100648B04 /* Frameworks */ = {
			isa = PBXFrameworksBuildPhase;
			buildActionMask = 2147483647;
			files = (
			);
			runOnlyForDeploymentPostprocessing = 0;
		};
		E0805EE91DBE585100648B04 /* Frameworks */ = {
			isa = PBXFrameworksBuildPhase;
			buildActionMask = 2147483647;
			files = (
			);
			runOnlyForDeploymentPostprocessing = 0;
		};
/* End PBXFrameworksBuildPhase section */

/* Begin PBXGroup section */
		E0805EC11DBE584E00648B04 = {
			isa = PBXGroup;
			children = (
				E0805ECC1DBE585000648B04 /* myClinic */,
				E0805EE41DBE585100648B04 /* myClinicTests */,
				E0805EEF1DBE585100648B04 /* myClinicUITests */,
				E0805ECB1DBE585000648B04 /* Products */,
			);
			sourceTree = "<group>";
		};
		E0805ECB1DBE585000648B04 /* Products */ = {
			isa = PBXGroup;
			children = (
				E0805ECA1DBE585000648B04 /* myClinic.app */,
				E0805EE11DBE585100648B04 /* myClinicTests.xctest */,
				E0805EEC1DBE585100648B04 /* myClinicUITests.xctest */,
			);
			name = Products;
			sourceTree = "<group>";
		};
		E0805ECC1DBE585000648B04 /* myClinic */ = {
			isa = PBXGroup;
			children = (
				E0805ED91DBE585100648B04 /* LaunchScreen.storyboard */,
				E0805ECD1DBE585000648B04 /* AppDelegate.swift */,
				E0805F461DC10BEB00648B04 /* Models */,
				E0D7454E1DD39BB300597ED2 /* Managers */,
				E0805F431DC10BAE00648B04 /* Main */,
				E0805F481DC10CA700648B04 /* Home */,
				E0805F491DC10CC100648B04 /* Calendar */,
				E0805F4A1DC10CCD00648B04 /* Log */,
				E0805F4B1DC10CD200648B04 /* Medications */,
				E0805F441DC10BC900648B04 /* Resources */,
			);
			path = myClinic;
			sourceTree = "<group>";
		};
		E0805EE41DBE585100648B04 /* myClinicTests */ = {
			isa = PBXGroup;
			children = (
				E0805EE51DBE585100648B04 /* myClinicTests.swift */,
				E0805EE71DBE585100648B04 /* Info.plist */,
			);
			path = myClinicTests;
			sourceTree = "<group>";
		};
		E0805EEF1DBE585100648B04 /* myClinicUITests */ = {
			isa = PBXGroup;
			children = (
				E0805EF01DBE585100648B04 /* myClinicUITests.swift */,
				E0805EF21DBE585100648B04 /* Info.plist */,
			);
			path = myClinicUITests;
			sourceTree = "<group>";
		};
		E0805F431DC10BAE00648B04 /* Main */ = {
			isa = PBXGroup;
			children = (
				E0805ED11DBE585100648B04 /* Main.storyboard */,
				E0805ECF1DBE585000648B04 /* MainViewController.swift */,
			);
			name = Main;
			sourceTree = "<group>";
		};
		E0805F441DC10BC900648B04 /* Resources */ = {
			isa = PBXGroup;
			children = (
				E0805ED71DBE585100648B04 /* Assets.xcassets */,
				E0805EDC1DBE585100648B04 /* Info.plist */,
				E0805ED41DBE585100648B04 /* myClinic.xcdatamodeld */,
			);
			name = Resources;
			sourceTree = "<group>";
		};
		E0805F461DC10BEB00648B04 /* Models */ = {
			isa = PBXGroup;
			children = (
				E0D745421DD397DD00597ED2 /* Patient.swift */,
				E0D745441DD397FD00597ED2 /* Physician .swift */,
				E0D745461DD3992600597ED2 /* Symptom.swift */,
				E0D745481DD3997A00597ED2 /* Perscription.swift */,
				E0D7454A1DD399A400597ED2 /* Appointment.swift */,
				E0D7454C1DD39A1700597ED2 /* Diagnosis.swift */,
			);
			name = Models;
			sourceTree = "<group>";
		};
		E0805F481DC10CA700648B04 /* Home */ = {
			isa = PBXGroup;
			children = (
				E0805F061DBE967500648B04 /* Home.storyboard */,
			);
			name = Home;
			sourceTree = "<group>";
		};
		E0805F491DC10CC100648B04 /* Calendar */ = {
			isa = PBXGroup;
			children = (
				E0805F031DBE965E00648B04 /* Calendar.storyboard */,
			);
			name = Calendar;
			sourceTree = "<group>";
		};
		E0805F4A1DC10CCD00648B04 /* Log */ = {
			isa = PBXGroup;
			children = (
				E0805F011DBE964300648B04 /* Log.storyboard */,
			);
			name = Log;
			sourceTree = "<group>";
		};
		E0805F4B1DC10CD200648B04 /* Medications */ = {
			isa = PBXGroup;
			children = (
				E0805EFE1DBE95F200648B04 /* Medications.storyboard */,
			);
			name = Medications;
			sourceTree = "<group>";
		};
		E0D7454E1DD39BB300597ED2 /* Managers */ = {
			isa = PBXGroup;
			children = (
				E0D7454F1DD39BDB00597ED2 /* DataMangaer.swift */,
				E0D745511DD39CD600597ED2 /* NetworkManager.swift */,
			);
			name = Managers;
			sourceTree = "<group>";
		};
/* End PBXGroup section */

/* Begin PBXNativeTarget section */
		E0805EC91DBE584F00648B04 /* myClinic */ = {
			isa = PBXNativeTarget;
			buildConfigurationList = E0805EF51DBE585200648B04 /* Build configuration list for PBXNativeTarget "myClinic" */;
			buildPhases = (
				E0805EC61DBE584F00648B04 /* Sources */,
				E0805EC71DBE584F00648B04 /* Frameworks */,
				E0805EC81DBE584F00648B04 /* Resources */,
			);
			buildRules = (
			);
			dependencies = (
			);
			name = myClinic;
			productName = myClinic;
			productReference = E0805ECA1DBE585000648B04 /* myClinic.app */;
			productType = "com.apple.product-type.application";
		};
		E0805EE01DBE585100648B04 /* myClinicTests */ = {
			isa = PBXNativeTarget;
			buildConfigurationList = E0805EF81DBE585200648B04 /* Build configuration list for PBXNativeTarget "myClinicTests" */;
			buildPhases = (
				E0805EDD1DBE585100648B04 /* Sources */,
				E0805EDE1DBE585100648B04 /* Frameworks */,
				E0805EDF1DBE585100648B04 /* Resources */,
			);
			buildRules = (
			);
			dependencies = (
				E0805EE31DBE585100648B04 /* PBXTargetDependency */,
			);
			name = myClinicTests;
			productName = myClinicTests;
			productReference = E0805EE11DBE585100648B04 /* myClinicTests.xctest */;
			productType = "com.apple.product-type.bundle.unit-test";
		};
		E0805EEB1DBE585100648B04 /* myClinicUITests */ = {
			isa = PBXNativeTarget;
			buildConfigurationList = E0805EFB1DBE585200648B04 /* Build configuration list for PBXNativeTarget "myClinicUITests" */;
			buildPhases = (
				E0805EE81DBE585100648B04 /* Sources */,
				E0805EE91DBE585100648B04 /* Frameworks */,
				E0805EEA1DBE585100648B04 /* Resources */,
			);
			buildRules = (
			);
			dependencies = (
				E0805EEE1DBE585100648B04 /* PBXTargetDependency */,
			);
			name = myClinicUITests;
			productName = myClinicUITests;
			productReference = E0805EEC1DBE585100648B04 /* myClinicUITests.xctest */;
			productType = "com.apple.product-type.bundle.ui-testing";
		};
/* End PBXNativeTarget section */

/* Begin PBXProject section */
		E0805EC21DBE584F00648B04 /* Project object */ = {
			isa = PBXProject;
			attributes = {
				LastSwiftUpdateCheck = 0800;
				LastUpgradeCheck = 0800;
				ORGANIZATIONNAME = "Amanda Harman";
				TargetAttributes = {
					E0805EC91DBE584F00648B04 = {
						CreatedOnToolsVersion = 8.0;
						DevelopmentTeam = 8SGCMBBD8F;
						ProvisioningStyle = Automatic;
					};
					E0805EE01DBE585100648B04 = {
						CreatedOnToolsVersion = 8.0;
						DevelopmentTeam = 8SGCMBBD8F;
						ProvisioningStyle = Automatic;
						TestTargetID = E0805EC91DBE584F00648B04;
					};
					E0805EEB1DBE585100648B04 = {
						CreatedOnToolsVersion = 8.0;
						DevelopmentTeam = 8SGCMBBD8F;
						ProvisioningStyle = Automatic;
						TestTargetID = E0805EC91DBE584F00648B04;
					};
				};
			};
			buildConfigurationList = E0805EC51DBE584F00648B04 /* Build configuration list for PBXProject "myClinic" */;
			compatibilityVersion = "Xcode 3.2";
			developmentRegion = English;
			hasScannedForEncodings = 0;
			knownRegions = (
				en,
				Base,
			);
			mainGroup = E0805EC11DBE584E00648B04;
			productRefGroup = E0805ECB1DBE585000648B04 /* Products */;
			projectDirPath = "";
			projectRoot = "";
			targets = (
				E0805EC91DBE584F00648B04 /* myClinic */,
				E0805EE01DBE585100648B04 /* myClinicTests */,
				E0805EEB1DBE585100648B04 /* myClinicUITests */,
			);
		};
/* End PBXProject section */

/* Begin PBXResourcesBuildPhase section */
		E0805EC81DBE584F00648B04 /* Resources */ = {
			isa = PBXResourcesBuildPhase;
			buildActionMask = 2147483647;
			files = (
				E0805F071DBE967500648B04 /* Home.storyboard in Resources */,
				E0805F051DBE965E00648B04 /* Calendar.storyboard in Resources */,
				E0805EDB1DBE585100648B04 /* LaunchScreen.storyboard in Resources */,
				E0805F001DBE95F200648B04 /* Medications.storyboard in Resources */,
				E0805ED81DBE585100648B04 /* Assets.xcassets in Resources */,
				E0805ED31DBE585100648B04 /* Main.storyboard in Resources */,
				E0805F021DBE964300648B04 /* Log.storyboard in Resources */,
			);
			runOnlyForDeploymentPostprocessing = 0;
		};
		E0805EDF1DBE585100648B04 /* Resources */ = {
			isa = PBXResourcesBuildPhase;
			buildActionMask = 2147483647;
			files = (
			);
			runOnlyForDeploymentPostprocessing = 0;
		};
		E0805EEA1DBE585100648B04 /* Resources */ = {
			isa = PBXResourcesBuildPhase;
			buildActionMask = 2147483647;
			files = (
			);
			runOnlyForDeploymentPostprocessing = 0;
		};
/* End PBXResourcesBuildPhase section */

/* Begin PBXSourcesBuildPhase section */
		E0805EC61DBE584F00648B04 /* Sources */ = {
			isa = PBXSourcesBuildPhase;
			buildActionMask = 2147483647;
			files = (
				E0D745451DD397FD00597ED2 /* Physician .swift in Sources */,
				E0D745491DD3997A00597ED2 /* Perscription.swift in Sources */,
				E0D745471DD3992600597ED2 /* Symptom.swift in Sources */,
				E0D7454D1DD39A1700597ED2 /* Diagnosis.swift in Sources */,
				E0D745521DD39CD600597ED2 /* NetworkManager.swift in Sources */,
				E0D7454B1DD399A400597ED2 /* Appointment.swift in Sources */,
				E0805ED01DBE585000648B04 /* MainViewController.swift in Sources */,
				E0D745431DD397DD00597ED2 /* Patient.swift in Sources */,
				E0805ED61DBE585100648B04 /* myClinic.xcdatamodeld in Sources */,
				E0805ECE1DBE585000648B04 /* AppDelegate.swift in Sources */,
				E0D745501DD39BDB00597ED2 /* DataMangaer.swift in Sources */,
			);
			runOnlyForDeploymentPostprocessing = 0;
		};
		E0805EDD1DBE585100648B04 /* Sources */ = {
			isa = PBXSourcesBuildPhase;
			buildActionMask = 2147483647;
			files = (
				E0805EE61DBE585100648B04 /* myClinicTests.swift in Sources */,
			);
			runOnlyForDeploymentPostprocessing = 0;
		};
		E0805EE81DBE585100648B04 /* Sources */ = {
			isa = PBXSourcesBuildPhase;
			buildActionMask = 2147483647;
			files = (
				E0805EF11DBE585100648B04 /* myClinicUITests.swift in Sources */,
			);
			runOnlyForDeploymentPostprocessing = 0;
		};
/* End PBXSourcesBuildPhase section */

/* Begin PBXTargetDependency section */
		E0805EE31DBE585100648B04 /* PBXTargetDependency */ = {
			isa = PBXTargetDependency;
			target = E0805EC91DBE584F00648B04 /* myClinic */;
			targetProxy = E0805EE21DBE585100648B04 /* PBXContainerItemProxy */;
		};
		E0805EEE1DBE585100648B04 /* PBXTargetDependency */ = {
			isa = PBXTargetDependency;
			target = E0805EC91DBE584F00648B04 /* myClinic */;
			targetProxy = E0805EED1DBE585100648B04 /* PBXContainerItemProxy */;
		};
/* End PBXTargetDependency section */

/* Begin PBXVariantGroup section */
		E0805ED11DBE585100648B04 /* Main.storyboard */ = {
			isa = PBXVariantGroup;
			children = (
				E0805ED21DBE585100648B04 /* Base */,
			);
			name = Main.storyboard;
			sourceTree = "<group>";
		};
		E0805ED91DBE585100648B04 /* LaunchScreen.storyboard */ = {
			isa = PBXVariantGroup;
			children = (
				E0805EDA1DBE585100648B04 /* Base */,
			);
			name = LaunchScreen.storyboard;
			sourceTree = "<group>";
		};
		E0805EFE1DBE95F200648B04 /* Medications.storyboard */ = {
			isa = PBXVariantGroup;
			children = (
				E0805EFF1DBE95F200648B04 /* Base */,
			);
			name = Medications.storyboard;
			sourceTree = "<group>";
		};
		E0805F031DBE965E00648B04 /* Calendar.storyboard */ = {
			isa = PBXVariantGroup;
			children = (
				E0805F041DBE965E00648B04 /* Base */,
			);
			name = Calendar.storyboard;
			sourceTree = "<group>";
		};
/* End PBXVariantGroup section */

/* Begin XCBuildConfiguration section */
		E0805EF31DBE585100648B04 /* Debug */ = {
			isa = XCBuildConfiguration;
			buildSettings = {
				ALWAYS_SEARCH_USER_PATHS = NO;
				CLANG_ANALYZER_NONNULL = YES;
				CLANG_CXX_LANGUAGE_STANDARD = "gnu++0x";
				CLANG_CXX_LIBRARY = "libc++";
				CLANG_ENABLE_MODULES = YES;
				CLANG_ENABLE_OBJC_ARC = YES;
				CLANG_WARN_BOOL_CONVERSION = YES;
				CLANG_WARN_CONSTANT_CONVERSION = YES;
				CLANG_WARN_DIRECT_OBJC_ISA_USAGE = YES_ERROR;
				CLANG_WARN_DOCUMENTATION_COMMENTS = YES;
				CLANG_WARN_EMPTY_BODY = YES;
				CLANG_WARN_ENUM_CONVERSION = YES;
				CLANG_WARN_INFINITE_RECURSION = YES;
				CLANG_WARN_INT_CONVERSION = YES;
				CLANG_WARN_OBJC_ROOT_CLASS = YES_ERROR;
				CLANG_WARN_SUSPICIOUS_MOVES = YES;
				CLANG_WARN_UNREACHABLE_CODE = YES;
				CLANG_WARN__DUPLICATE_METHOD_MATCH = YES;
				"CODE_SIGN_IDENTITY[sdk=iphoneos*]" = "iPhone Developer";
				COPY_PHASE_STRIP = NO;
				DEBUG_INFORMATION_FORMAT = dwarf;
				ENABLE_STRICT_OBJC_MSGSEND = YES;
				ENABLE_TESTABILITY = YES;
				GCC_C_LANGUAGE_STANDARD = gnu99;
				GCC_DYNAMIC_NO_PIC = NO;
				GCC_NO_COMMON_BLOCKS = YES;
				GCC_OPTIMIZATION_LEVEL = 0;
				GCC_PREPROCESSOR_DEFINITIONS = (
					"DEBUG=1",
					"$(inherited)",
				);
				GCC_WARN_64_TO_32_BIT_CONVERSION = YES;
				GCC_WARN_ABOUT_RETURN_TYPE = YES_ERROR;
				GCC_WARN_UNDECLARED_SELECTOR = YES;
				GCC_WARN_UNINITIALIZED_AUTOS = YES_AGGRESSIVE;
				GCC_WARN_UNUSED_FUNCTION = YES;
				GCC_WARN_UNUSED_VARIABLE = YES;
				IPHONEOS_DEPLOYMENT_TARGET = 10.0;
				MTL_ENABLE_DEBUG_INFO = YES;
				ONLY_ACTIVE_ARCH = YES;
				SDKROOT = iphoneos;
				SWIFT_ACTIVE_COMPILATION_CONDITIONS = DEBUG;
				SWIFT_OPTIMIZATION_LEVEL = "-Onone";
				TARGETED_DEVICE_FAMILY = "1,2";
			};
			name = Debug;
		};
		E0805EF41DBE585100648B04 /* Release */ = {
			isa = XCBuildConfiguration;
			buildSettings = {
				ALWAYS_SEARCH_USER_PATHS = NO;
				CLANG_ANALYZER_NONNULL = YES;
				CLANG_CXX_LANGUAGE_STANDARD = "gnu++0x";
				CLANG_CXX_LIBRARY = "libc++";
				CLANG_ENABLE_MODULES = YES;
				CLANG_ENABLE_OBJC_ARC = YES;
				CLANG_WARN_BOOL_CONVERSION = YES;
				CLANG_WARN_CONSTANT_CONVERSION = YES;
				CLANG_WARN_DIRECT_OBJC_ISA_USAGE = YES_ERROR;
				CLANG_WARN_DOCUMENTATION_COMMENTS = YES;
				CLANG_WARN_EMPTY_BODY = YES;
				CLANG_WARN_ENUM_CONVERSION = YES;
				CLANG_WARN_INFINITE_RECURSION = YES;
				CLANG_WARN_INT_CONVERSION = YES;
				CLANG_WARN_OBJC_ROOT_CLASS = YES_ERROR;
				CLANG_WARN_SUSPICIOUS_MOVES = YES;
				CLANG_WARN_UNREACHABLE_CODE = YES;
				CLANG_WARN__DUPLICATE_METHOD_MATCH = YES;
				"CODE_SIGN_IDENTITY[sdk=iphoneos*]" = "iPhone Developer";
				COPY_PHASE_STRIP = NO;
				DEBUG_INFORMATION_FORMAT = "dwarf-with-dsym";
				ENABLE_NS_ASSERTIONS = NO;
				ENABLE_STRICT_OBJC_MSGSEND = YES;
				GCC_C_LANGUAGE_STANDARD = gnu99;
				GCC_NO_COMMON_BLOCKS = YES;
				GCC_WARN_64_TO_32_BIT_CONVERSION = YES;
				GCC_WARN_ABOUT_RETURN_TYPE = YES_ERROR;
				GCC_WARN_UNDECLARED_SELECTOR = YES;
				GCC_WARN_UNINITIALIZED_AUTOS = YES_AGGRESSIVE;
				GCC_WARN_UNUSED_FUNCTION = YES;
				GCC_WARN_UNUSED_VARIABLE = YES;
				IPHONEOS_DEPLOYMENT_TARGET = 10.0;
				MTL_ENABLE_DEBUG_INFO = NO;
				SDKROOT = iphoneos;
				SWIFT_OPTIMIZATION_LEVEL = "-Owholemodule";
				TARGETED_DEVICE_FAMILY = "1,2";
				VALIDATE_PRODUCT = YES;
			};
			name = Release;
		};
		E0805EF61DBE585200648B04 /* Debug */ = {
			isa = XCBuildConfiguration;
			buildSettings = {
				ASSETCATALOG_COMPILER_APPICON_NAME = AppIcon;
				DEVELOPMENT_TEAM = 8SGCMBBD8F;
				INFOPLIST_FILE = myClinic/Info.plist;
				LD_RUNPATH_SEARCH_PATHS = "$(inherited) @executable_path/Frameworks";
				PRODUCT_BUNDLE_IDENTIFIER = com.teamAwesome.myClinic;
				PRODUCT_NAME = "$(TARGET_NAME)";
				SWIFT_VERSION = 3.0;
			};
			name = Debug;
		};
		E0805EF71DBE585200648B04 /* Release */ = {
			isa = XCBuildConfiguration;
			buildSettings = {
				ASSETCATALOG_COMPILER_APPICON_NAME = AppIcon;
				DEVELOPMENT_TEAM = 8SGCMBBD8F;
				INFOPLIST_FILE = myClinic/Info.plist;
				LD_RUNPATH_SEARCH_PATHS = "$(inherited) @executable_path/Frameworks";
				PRODUCT_BUNDLE_IDENTIFIER = com.teamAwesome.myClinic;
				PRODUCT_NAME = "$(TARGET_NAME)";
				SWIFT_VERSION = 3.0;
			};
			name = Release;
		};
		E0805EF91DBE585200648B04 /* Debug */ = {
			isa = XCBuildConfiguration;
			buildSettings = {
				ALWAYS_EMBED_SWIFT_STANDARD_LIBRARIES = YES;
				BUNDLE_LOADER = "$(TEST_HOST)";
				DEVELOPMENT_TEAM = 8SGCMBBD8F;
				INFOPLIST_FILE = myClinicTests/Info.plist;
				LD_RUNPATH_SEARCH_PATHS = "$(inherited) @executable_path/Frameworks @loader_path/Frameworks";
				PRODUCT_BUNDLE_IDENTIFIER = com.teamAwesome.myClinicTests;
				PRODUCT_NAME = "$(TARGET_NAME)";
				SWIFT_VERSION = 3.0;
				TEST_HOST = "$(BUILT_PRODUCTS_DIR)/myClinic.app/myClinic";
			};
			name = Debug;
		};
		E0805EFA1DBE585200648B04 /* Release */ = {
			isa = XCBuildConfiguration;
			buildSettings = {
				ALWAYS_EMBED_SWIFT_STANDARD_LIBRARIES = YES;
				BUNDLE_LOADER = "$(TEST_HOST)";
				DEVELOPMENT_TEAM = 8SGCMBBD8F;
				INFOPLIST_FILE = myClinicTests/Info.plist;
				LD_RUNPATH_SEARCH_PATHS = "$(inherited) @executable_path/Frameworks @loader_path/Frameworks";
				PRODUCT_BUNDLE_IDENTIFIER = com.teamAwesome.myClinicTests;
				PRODUCT_NAME = "$(TARGET_NAME)";
				SWIFT_VERSION = 3.0;
				TEST_HOST = "$(BUILT_PRODUCTS_DIR)/myClinic.app/myClinic";
			};
			name = Release;
		};
		E0805EFC1DBE585200648B04 /* Debug */ = {
			isa = XCBuildConfiguration;
			buildSettings = {
				ALWAYS_EMBED_SWIFT_STANDARD_LIBRARIES = YES;
				DEVELOPMENT_TEAM = 8SGCMBBD8F;
				INFOPLIST_FILE = myClinicUITests/Info.plist;
				LD_RUNPATH_SEARCH_PATHS = "$(inherited) @executable_path/Frameworks @loader_path/Frameworks";
				PRODUCT_BUNDLE_IDENTIFIER = com.teamAwesome.myClinicUITests;
				PRODUCT_NAME = "$(TARGET_NAME)";
				SWIFT_VERSION = 3.0;
				TEST_TARGET_NAME = myClinic;
			};
			name = Debug;
		};
		E0805EFD1DBE585200648B04 /* Release */ = {
			isa = XCBuildConfiguration;
			buildSettings = {
				ALWAYS_EMBED_SWIFT_STANDARD_LIBRARIES = YES;
				DEVELOPMENT_TEAM = 8SGCMBBD8F;
				INFOPLIST_FILE = myClinicUITests/Info.plist;
				LD_RUNPATH_SEARCH_PATHS = "$(inherited) @executable_path/Frameworks @loader_path/Frameworks";
				PRODUCT_BUNDLE_IDENTIFIER = com.teamAwesome.myClinicUITests;
				PRODUCT_NAME = "$(TARGET_NAME)";
				SWIFT_VERSION = 3.0;
				TEST_TARGET_NAME = myClinic;
			};
			name = Release;
		};
/* End XCBuildConfiguration section */

/* Begin XCConfigurationList section */
		E0805EC51DBE584F00648B04 /* Build configuration list for PBXProject "myClinic" */ = {
			isa = XCConfigurationList;
			buildConfigurations = (
				E0805EF31DBE585100648B04 /* Debug */,
				E0805EF41DBE585100648B04 /* Release */,
			);
			defaultConfigurationIsVisible = 0;
			defaultConfigurationName = Release;
		};
		E0805EF51DBE585200648B04 /* Build configuration list for PBXNativeTarget "myClinic" */ = {
			isa = XCConfigurationList;
			buildConfigurations = (
				E0805EF61DBE585200648B04 /* Debug */,
				E0805EF71DBE585200648B04 /* Release */,
			);
			defaultConfigurationIsVisible = 0;
			defaultConfigurationName = Release;
		};
		E0805EF81DBE585200648B04 /* Build configuration list for PBXNativeTarget "myClinicTests" */ = {
			isa = XCConfigurationList;
			buildConfigurations = (
				E0805EF91DBE585200648B04 /* Debug */,
				E0805EFA1DBE585200648B04 /* Release */,
			);
			defaultConfigurationIsVisible = 0;
			defaultConfigurationName = Release;
		};
		E0805EFB1DBE585200648B04 /* Build configuration list for PBXNativeTarget "myClinicUITests" */ = {
			isa = XCConfigurationList;
			buildConfigurations = (
				E0805EFC1DBE585200648B04 /* Debug */,
				E0805EFD1DBE585200648B04 /* Release */,
			);
			defaultConfigurationIsVisible = 0;
			defaultConfigurationName = Release;
		};
/* End XCConfigurationList section */

/* Begin XCVersionGroup section */
		E0805ED41DBE585100648B04 /* myClinic.xcdatamodeld */ = {
			isa = XCVersionGroup;
			children = (
				E0805ED51DBE585100648B04 /* myClinic.xcdatamodel */,
			);
			currentVersion = E0805ED51DBE585100648B04 /* myClinic.xcdatamodel */;
			path = myClinic.xcdatamodeld;
			sourceTree = "<group>";
			versionGroupType = wrapper.xcdatamodel;
		};
/* End XCVersionGroup section */
	};
	rootObject = E0805EC21DBE584F00648B04 /* Project object */;
}
